
Microsoft Visual Studio Solution File, Format Version 12.00
# Visual Studio Version 16
VisualStudioVersion = 16.0.809.0
MinimumVisualStudioVersion = 10.0.40219.1
Project("{FAE04EC0-301F-11D3-BF4B-00C04F79EFBC}") = "AttrOleo", "AttrOleo.csproj", "{9A59892F-2CEC-41C1-BDC9-A5C054C352D8}"
EndProject
Global
	GlobalSection(SolutionConfigurationPlatforms) = preSolution
		Debug|Any CPU = Debug|Any CPU
		Release|Any CPU = Release|Any CPU
	EndGlobalSection
	GlobalSection(ProjectConfigurationPlatforms) = postSolution
		{9A59892F-2CEC-41C1-BDC9-A5C054C352D8}.Debug|Any CPU.ActiveCfg = Debug|Any CPU
		{9A59892F-2CEC-41C1-BDC9-A5C054C352D8}.Debug|Any CPU.Build.0 = Debug|Any CPU
		{9A59892F-2CEC-41C1-BDC9-A5C054C352D8}.Release|Any CPU.ActiveCfg = Release|Any CPU
		{9A59892F-2CEC-41C1-BDC9-A5C054C352D8}.Release|Any CPU.Build.0 = Release|Any CPU
	EndGlobalSection
	GlobalSection(SolutionProperties) = preSolution
		HideSolutionNode = FALSE
	EndGlobalSection
	GlobalSection(ExtensibilityGlobals) = postSolution
		SolutionGuid = {93C9D5D3-CB2F-4CA4-ABE2-80255B9C60A3}
	EndGlobalSection
EndGlobal
